# This file is generated by running "yarn install" inside your project.
# Manual changes might be lost - proceed with caution!

__metadata:
  version: 8
  cacheKey: 10c0

"@orchidjs/sifter@npm:^1.1.0":
  version: 1.1.0
  resolution: "@orchidjs/sifter@npm:1.1.0"
  dependencies:
    "@orchidjs/unicode-variants": "npm:^1.1.2"
  checksum: 10c0/615f4c8f340c062d1a944ae88d7d745353e45d14d002c6966bc02ef44aca13c904942836f9ad89cbe2b5d8fa3b885c2b00b65be8d318cabc75f440949068ed6a
  languageName: node
  linkType: hard

"@orchidjs/unicode-variants@npm:^1.1.2":
  version: 1.1.2
  resolution: "@orchidjs/unicode-variants@npm:1.1.2"
  checksum: 10c0/7836e0766641d79a0337a2a8ca7f49051bb71e19e0e8fc64cdbafac4f2f718abd368b364ad79a9b13547a70e24cebb3cc4d71e75f22791ade8ba80654eb1323f
  languageName: node
  linkType: hard

"@selectize/selectize@npm:^0.15.2":
  version: 0.15.2
  resolution: "@selectize/selectize@npm:0.15.2"
  dependencies:
    jquery-ui: "npm:^1.13.2"
  peerDependencies:
    jquery: ^1.7.0 || ^2 || ^3
  dependenciesMeta:
    jquery-ui:
      optional: true
  checksum: 10c0/73475b1bd0bd07441c783216f0cf230ae23614aa5226925fcc4b5db352f20dc92710f59cb8a6b41822402d1ca3fccce8932e199fc92710f7bf905711b2fa58f1
  languageName: node
  linkType: hard

"jquery-ui@npm:^1.13.2":
  version: 1.14.1
  resolution: "jquery-ui@npm:1.14.1"
  dependencies:
    jquery: "npm:>=1.12.0 <5.0.0"
  checksum: 10c0/cf7a3c0aac369e513d78bc5864bbafb6ddf85a43513ca5d00b11d65e2890a6618ff2ef5b8cb2925db9a6b7d0c2482d717fb10cc813e419024ae8bc457e18f51d
  languageName: node
  linkType: hard

"jquery@npm:3, jquery@npm:>=1.12.0 <5.0.0":
  version: 3.7.1
  resolution: "jquery@npm:3.7.1"
  checksum: 10c0/808cfbfb758438560224bf26e17fcd5afc7419170230c810dd11f5c1792e2263e2970cca8d659eb84fcd9acc301edb6d310096e450277d54be4f57071b0c82d9
  languageName: node
  linkType: hard

"select-box-demo@workspace:.":
  version: 0.0.0-use.local
  resolution: "select-box-demo@workspace:."
  dependencies:
    "@selectize/selectize": "npm:^0.15.2"
    jquery: "npm:3"
    tom-select: "npm:^2.4.3"
  languageName: unknown
  linkType: soft

"tom-select@npm:^2.4.3":
  version: 2.4.3
  resolution: "tom-select@npm:2.4.3"
  dependencies:
    "@orchidjs/sifter": "npm:^1.1.0"
    "@orchidjs/unicode-variants": "npm:^1.1.2"
  checksum: 10c0/0567c48e31d954227ac88f53586b61f784338d97f00115c17e5fc3606552e117bdd4d53e4fa912736569daada938ef7e72092ae16d22420eab0d1bb3472b62ea
  languageName: node
  linkType: hard
